{
  "name": "@npmmaintea/psychic-doodle",
  "version": "1.0.0",
  "lockfileVersion": 3,
  "requires": true,
  "packages": {
    "": {
      "name": "@npmmaintea/psychic-doodle",
      "version": "1.0.0",
      "license": "MIT",
      "dependencies": {
        "@npmmaintea/cautious-waddle": "^1.0.0",
        "@npmmaintea/glowing-broccoli": "^1.0.0",
        "@npmmaintea/potential-octo-dollop": "^1.0.0"
      }
    },
    "node_modules/@npmmaintea/cautious-waddle": {
      "version": "1.0.0",
      "resolved": "https://registry.npmjs.org/@npmmaintea/cautious-waddle/-/cautious-waddle-1.0.0.tgz",
      "integrity": "sha512-FcmZfbk/bwS4BIGtBe+0saBjdy+k3GpWMENtI97geTTFFQg18iBgAiFBx/C+pPzxZMikgghJUg9+XiB1aoNEGw==",
      "dependencies": {
        "@npmmaintea/potential-octo-dollop": "^1.0.0"
      }
    },
    "node_modules/@npmmaintea/glowing-broccoli": {
      "version": "1.0.0",
      "resolved": "https://registry.npmjs.org/@npmmaintea/glowing-broccoli/-/glowing-broccoli-1.0.0.tgz",
      "integrity": "sha512-L4Sw2Ru8aWg0i+48tRzjx+4TuRjzeW/jtKEzSo60lQ3hAGHOFnh477+83H5/C6XSHNChaBWTtffHT79nFwU1rg==",
      "dependencies": {
        "@npmmaintea/potential-octo-dollop": "^1.0.0"
      }
    },
    "node_modules/@npmmaintea/potential-octo-dollop": {
      "version": "1.0.0",
      "resolved": "https://registry.npmjs.org/@npmmaintea/potential-octo-dollop/-/potential-octo-dollop-1.0.0.tgz",
      "integrity": "sha512-5BYvbSS2q1JAxsemJqME7A5z0vwHhOja1HpwB4Rlwt+0J0qVoPfCgRsPqrpb2l6a0c8o88ZpTF8JOedzDvj91w=="
    }
  }
}
