# This file is generated by running "yarn install" inside your project.
# Manual changes might be lost - proceed with caution!

__metadata:
  version: 8
  cacheKey: 10c0

"@npmmaintea/aliquam-accusantium-debitis-nulla@npm:^1.0.0":
  version: 1.0.0
  resolution: "@npmmaintea/aliquam-accusantium-debitis-nulla@npm:1.0.0"
  dependencies:
    "@npmmaintea/cautious-waddle": "npm:^1.0.0"
    "@npmmaintea/glowing-broccoli": "npm:^1.0.0"
    "@npmmaintea/potential-octo-dollop": "npm:^1.0.0"
    "@npmmaintea/psychic-doodle": "npm:^1.0.0"
  checksum: 10c0/70b07637bf4658e0c92750818afc92d4335168ed28fb5f3866aef5a0d8a8553e72dc27e22cfae6e6692d842b5b3192b9882669f03faae08a8f7f33bdcb0a52cf
  languageName: node
  linkType: hard

"@npmmaintea/architecto-labore-numquam-eligendi@npm:^1.0.0":
  version: 1.0.0
  resolution: "@npmmaintea/architecto-labore-numquam-eligendi@npm:1.0.0"
  dependencies:
    "@npmmaintea/aliquam-accusantium-debitis-nulla": "npm:^1.0.0"
    "@npmmaintea/cautious-waddle": "npm:^1.0.0"
    "@npmmaintea/glowing-broccoli": "npm:^1.0.0"
    "@npmmaintea/ipsa-alias-voluptatem-aperiam": "npm:^1.0.0"
    "@npmmaintea/potential-octo-dollop": "npm:^1.0.0"
    "@npmmaintea/psychic-doodle": "npm:^1.0.0"
  checksum: 10c0/e05c8a65335066d11f486446e035c8f3c81ffaa30c8648a5ca56e27f3814ffd8580cd64fe6b180aa6c943a03f2f76b57f78846778ee510b5e1e08f616ec8c84e
  languageName: node
  linkType: hard

"@npmmaintea/assumenda-quos-magni-velit@npm:^1.0.0":
  version: 1.0.0
  resolution: "@npmmaintea/assumenda-quos-magni-velit@npm:1.0.0"
  dependencies:
    "@npmmaintea/aliquam-accusantium-debitis-nulla": "npm:^1.0.0"
    "@npmmaintea/architecto-labore-numquam-eligendi": "npm:^1.0.0"
    "@npmmaintea/at-eaque-sapiente-dolores": "npm:^1.0.0"
    "@npmmaintea/cautious-waddle": "npm:^1.0.0"
    "@npmmaintea/deserunt-nulla-doloribus-rerum": "npm:^1.0.0"
    "@npmmaintea/dicta-minus-harum-quam": "npm:^1.0.0"
    "@npmmaintea/dolorem-optio-necessitatibus-magnam": "npm:^1.0.0"
    "@npmmaintea/earum-amet-distinctio-voluptatibus": "npm:^1.0.0"
    "@npmmaintea/expedita-doloremque-vitae-cupiditate": "npm:^1.0.0"
    "@npmmaintea/glowing-broccoli": "npm:^1.0.0"
    "@npmmaintea/in-reprehenderit-in-deleniti": "npm:^1.0.0"
    "@npmmaintea/ipsa-alias-voluptatem-aperiam": "npm:^1.0.0"
    "@npmmaintea/ipsum-cupiditate-dolor-voluptates": "npm:^1.0.0"
    "@npmmaintea/magni-quo-maiores-facere": "npm:^1.0.0"
    "@npmmaintea/officiis-iusto-illo-enim": "npm:^1.0.0"
    "@npmmaintea/potential-octo-dollop": "npm:^1.0.0"
    "@npmmaintea/psychic-doodle": "npm:^1.0.0"
    "@npmmaintea/quae-nemo-enim-quidem": "npm:^1.0.0"
    "@npmmaintea/quam-pariatur-minima-numquam": "npm:^1.0.0"
    "@npmmaintea/vitae-repudiandae-dicta-ducimus": "npm:^1.0.0"
    "@npmmaintea/voluptates-impedit-atque-nostrum": "npm:^1.0.0"
  checksum: 10c0/56a440e1e8cac059434bf3d321370447aa801b32f67139442d87c76a159a2ad22e241944a76a147ca2bd34763545e813ff67122b62549879a3e4750b590ef4b1
  languageName: node
  linkType: hard

"@npmmaintea/at-eaque-sapiente-dolores@npm:^1.0.0":
  version: 1.0.0
  resolution: "@npmmaintea/at-eaque-sapiente-dolores@npm:1.0.0"
  dependencies:
    "@npmmaintea/aliquam-accusantium-debitis-nulla": "npm:^1.0.0"
    "@npmmaintea/architecto-labore-numquam-eligendi": "npm:^1.0.0"
    "@npmmaintea/cautious-waddle": "npm:^1.0.0"
    "@npmmaintea/glowing-broccoli": "npm:^1.0.0"
    "@npmmaintea/ipsa-alias-voluptatem-aperiam": "npm:^1.0.0"
    "@npmmaintea/potential-octo-dollop": "npm:^1.0.0"
    "@npmmaintea/psychic-doodle": "npm:^1.0.0"
    "@npmmaintea/voluptates-impedit-atque-nostrum": "npm:^1.0.0"
  checksum: 10c0/5cfb0d35218a6c6aec62cd249fdcb9cb9def6f6ebc80df349889b357af32dfb5553a9f240e267c2abede9c23aa31510d49345edceb1a9a397e07cda54c3713cd
  languageName: node
  linkType: hard

"@npmmaintea/cautious-waddle@npm:^1.0.0, @npmmaintea/cautious-waddle@npm:^1.0.1":
  version: 1.0.1
  resolution: "@npmmaintea/cautious-waddle@npm:1.0.1"
  dependencies:
    "@npmmaintea/aliquam-accusantium-debitis-nulla": "npm:^1.0.0"
    "@npmmaintea/architecto-labore-numquam-eligendi": "npm:^1.0.0"
    "@npmmaintea/assumenda-quos-magni-velit": "npm:^1.0.0"
    "@npmmaintea/at-eaque-sapiente-dolores": "npm:^1.0.0"
    "@npmmaintea/consequatur-laudantium-nihil-modi": "npm:^1.0.0"
    "@npmmaintea/deserunt-nulla-doloribus-rerum": "npm:^1.0.0"
    "@npmmaintea/dicta-minus-harum-quam": "npm:^1.0.0"
    "@npmmaintea/dolor-ullam-incidunt-suscipit": "npm:^1.0.0"
    "@npmmaintea/dolorem-optio-necessitatibus-magnam": "npm:^1.0.0"
    "@npmmaintea/ea-debitis-ab-adipisci": "npm:^1.0.0"
    "@npmmaintea/earum-amet-distinctio-voluptatibus": "npm:^1.0.0"
    "@npmmaintea/et-nihil-quos-perferendis": "npm:^1.0.0"
    "@npmmaintea/expedita-doloremque-vitae-cupiditate": "npm:^1.0.0"
    "@npmmaintea/fugit-voluptatem-placeat-delectus": "npm:^1.0.0"
    "@npmmaintea/glowing-broccoli": "npm:^2.0.0"
    "@npmmaintea/in-reprehenderit-in-deleniti": "npm:^1.0.0"
    "@npmmaintea/ipsa-alias-voluptatem-aperiam": "npm:^1.0.0"
    "@npmmaintea/ipsum-cupiditate-dolor-voluptates": "npm:^1.0.0"
    "@npmmaintea/iusto-quod-laborum-at": "npm:^1.0.0"
    "@npmmaintea/magni-quo-maiores-facere": "npm:^1.0.0"
    "@npmmaintea/officiis-iusto-illo-enim": "npm:^1.0.0"
    "@npmmaintea/potential-octo-dollop": "npm:^1.0.1"
    "@npmmaintea/psychic-doodle": "npm:^1.0.0"
    "@npmmaintea/quae-nemo-enim-quidem": "npm:^1.0.0"
    "@npmmaintea/quam-pariatur-minima-numquam": "npm:^1.0.0"
    "@npmmaintea/sunt-minima-blanditiis-placeat": "npm:^1.0.0"
    "@npmmaintea/vitae-repudiandae-dicta-ducimus": "npm:^1.0.0"
    "@npmmaintea/voluptatem-sed-voluptates-ducimus": "npm:^1.0.0"
    "@npmmaintea/voluptates-impedit-atque-nostrum": "npm:^1.0.0"
  checksum: 10c0/6ed1f82a8c03decd7ad8bc9c94429ef9ed77ee44e1708ba66e6bb8e1d259ea8d4daed887b1148896f0961d11d46e0ede2181792f59efd130416e36b9681dd579
  languageName: node
  linkType: hard

"@npmmaintea/consequatur-laudantium-nihil-modi@npm:^1.0.0":
  version: 1.0.0
  resolution: "@npmmaintea/consequatur-laudantium-nihil-modi@npm:1.0.0"
  dependencies:
    "@npmmaintea/aliquam-accusantium-debitis-nulla": "npm:^1.0.0"
    "@npmmaintea/architecto-labore-numquam-eligendi": "npm:^1.0.0"
    "@npmmaintea/assumenda-quos-magni-velit": "npm:^1.0.0"
    "@npmmaintea/at-eaque-sapiente-dolores": "npm:^1.0.0"
    "@npmmaintea/cautious-waddle": "npm:^1.0.0"
    "@npmmaintea/deserunt-nulla-doloribus-rerum": "npm:^1.0.0"
    "@npmmaintea/dicta-minus-harum-quam": "npm:^1.0.0"
    "@npmmaintea/dolor-ullam-incidunt-suscipit": "npm:^1.0.0"
    "@npmmaintea/dolorem-optio-necessitatibus-magnam": "npm:^1.0.0"
    "@npmmaintea/ea-debitis-ab-adipisci": "npm:^1.0.0"
    "@npmmaintea/earum-amet-distinctio-voluptatibus": "npm:^1.0.0"
    "@npmmaintea/et-nihil-quos-perferendis": "npm:^1.0.0"
    "@npmmaintea/expedita-doloremque-vitae-cupiditate": "npm:^1.0.0"
    "@npmmaintea/fugit-voluptatem-placeat-delectus": "npm:^1.0.0"
    "@npmmaintea/glowing-broccoli": "npm:^1.0.0"
    "@npmmaintea/in-reprehenderit-in-deleniti": "npm:^1.0.0"
    "@npmmaintea/ipsa-alias-voluptatem-aperiam": "npm:^1.0.0"
    "@npmmaintea/ipsum-cupiditate-dolor-voluptates": "npm:^1.0.0"
    "@npmmaintea/iusto-quod-laborum-at": "npm:^1.0.0"
    "@npmmaintea/magni-quo-maiores-facere": "npm:^1.0.0"
    "@npmmaintea/officiis-iusto-illo-enim": "npm:^1.0.0"
    "@npmmaintea/potential-octo-dollop": "npm:^1.0.0"
    "@npmmaintea/psychic-doodle": "npm:^1.0.0"
    "@npmmaintea/quae-nemo-enim-quidem": "npm:^1.0.0"
    "@npmmaintea/quam-pariatur-minima-numquam": "npm:^1.0.0"
    "@npmmaintea/sunt-minima-blanditiis-placeat": "npm:^1.0.0"
    "@npmmaintea/vitae-repudiandae-dicta-ducimus": "npm:^1.0.0"
    "@npmmaintea/voluptates-impedit-atque-nostrum": "npm:^1.0.0"
  checksum: 10c0/c7f5ecd26c0cb0cc359026bece602e722734b5440e1168f8d7afe29ec69f5581a7e22a550a4af2ba5dffe8de5b2325ae600a49fea8f36de1e6b3d18643ba3162
  languageName: node
  linkType: hard

"@npmmaintea/deserunt-nulla-doloribus-rerum@npm:^1.0.0":
  version: 1.0.0
  resolution: "@npmmaintea/deserunt-nulla-doloribus-rerum@npm:1.0.0"
  dependencies:
    "@npmmaintea/aliquam-accusantium-debitis-nulla": "npm:^1.0.0"
    "@npmmaintea/architecto-labore-numquam-eligendi": "npm:^1.0.0"
    "@npmmaintea/at-eaque-sapiente-dolores": "npm:^1.0.0"
    "@npmmaintea/cautious-waddle": "npm:^1.0.0"
    "@npmmaintea/glowing-broccoli": "npm:^1.0.0"
    "@npmmaintea/in-reprehenderit-in-deleniti": "npm:^1.0.0"
    "@npmmaintea/ipsa-alias-voluptatem-aperiam": "npm:^1.0.0"
    "@npmmaintea/ipsum-cupiditate-dolor-voluptates": "npm:^1.0.0"
    "@npmmaintea/magni-quo-maiores-facere": "npm:^1.0.0"
    "@npmmaintea/officiis-iusto-illo-enim": "npm:^1.0.0"
    "@npmmaintea/potential-octo-dollop": "npm:^1.0.0"
    "@npmmaintea/psychic-doodle": "npm:^1.0.0"
    "@npmmaintea/vitae-repudiandae-dicta-ducimus": "npm:^1.0.0"
    "@npmmaintea/voluptates-impedit-atque-nostrum": "npm:^1.0.0"
  checksum: 10c0/512efe47f7895f72e3e6b43cdefb652c67209f57ea11a6098886ed767e457950a2caf4e0fe7c099a14b60b705b773b5471669d6818ee2b35e4fac55c72c5274b
  languageName: node
  linkType: hard

"@npmmaintea/dicta-minus-harum-quam@npm:^1.0.0":
  version: 1.0.0
  resolution: "@npmmaintea/dicta-minus-harum-quam@npm:1.0.0"
  dependencies:
    "@npmmaintea/aliquam-accusantium-debitis-nulla": "npm:^1.0.0"
    "@npmmaintea/architecto-labore-numquam-eligendi": "npm:^1.0.0"
    "@npmmaintea/at-eaque-sapiente-dolores": "npm:^1.0.0"
    "@npmmaintea/cautious-waddle": "npm:^1.0.0"
    "@npmmaintea/deserunt-nulla-doloribus-rerum": "npm:^1.0.0"
    "@npmmaintea/dolorem-optio-necessitatibus-magnam": "npm:^1.0.0"
    "@npmmaintea/earum-amet-distinctio-voluptatibus": "npm:^1.0.0"
    "@npmmaintea/glowing-broccoli": "npm:^1.0.0"
    "@npmmaintea/in-reprehenderit-in-deleniti": "npm:^1.0.0"
    "@npmmaintea/ipsa-alias-voluptatem-aperiam": "npm:^1.0.0"
    "@npmmaintea/ipsum-cupiditate-dolor-voluptates": "npm:^1.0.0"
    "@npmmaintea/magni-quo-maiores-facere": "npm:^1.0.0"
    "@npmmaintea/officiis-iusto-illo-enim": "npm:^1.0.0"
    "@npmmaintea/potential-octo-dollop": "npm:^1.0.0"
    "@npmmaintea/psychic-doodle": "npm:^1.0.0"
    "@npmmaintea/quae-nemo-enim-quidem": "npm:^1.0.0"
    "@npmmaintea/quam-pariatur-minima-numquam": "npm:^1.0.0"
    "@npmmaintea/vitae-repudiandae-dicta-ducimus": "npm:^1.0.0"
    "@npmmaintea/voluptates-impedit-atque-nostrum": "npm:^1.0.0"
  checksum: 10c0/13c66b65e6941b3044ffb8df6ce2532a1f77c03058512b8db670ce1ea8454ca84cb09d359a400201415b65f224d46de45bae78a8a1fba1ca156a054d9f181f4b
  languageName: node
  linkType: hard

"@npmmaintea/dolor-ullam-incidunt-suscipit@npm:^1.0.0":
  version: 1.0.0
  resolution: "@npmmaintea/dolor-ullam-incidunt-suscipit@npm:1.0.0"
  dependencies:
    "@npmmaintea/aliquam-accusantium-debitis-nulla": "npm:^1.0.0"
    "@npmmaintea/architecto-labore-numquam-eligendi": "npm:^1.0.0"
    "@npmmaintea/assumenda-quos-magni-velit": "npm:^1.0.0"
    "@npmmaintea/at-eaque-sapiente-dolores": "npm:^1.0.0"
    "@npmmaintea/cautious-waddle": "npm:^1.0.0"
    "@npmmaintea/deserunt-nulla-doloribus-rerum": "npm:^1.0.0"
    "@npmmaintea/dicta-minus-harum-quam": "npm:^1.0.0"
    "@npmmaintea/dolorem-optio-necessitatibus-magnam": "npm:^1.0.0"
    "@npmmaintea/ea-debitis-ab-adipisci": "npm:^1.0.0"
    "@npmmaintea/earum-amet-distinctio-voluptatibus": "npm:^1.0.0"
    "@npmmaintea/expedita-doloremque-vitae-cupiditate": "npm:^1.0.0"
    "@npmmaintea/fugit-voluptatem-placeat-delectus": "npm:^1.0.0"
    "@npmmaintea/glowing-broccoli": "npm:^1.0.0"
    "@npmmaintea/in-reprehenderit-in-deleniti": "npm:^1.0.0"
    "@npmmaintea/ipsa-alias-voluptatem-aperiam": "npm:^1.0.0"
    "@npmmaintea/ipsum-cupiditate-dolor-voluptates": "npm:^1.0.0"
    "@npmmaintea/iusto-quod-laborum-at": "npm:^1.0.0"
    "@npmmaintea/magni-quo-maiores-facere": "npm:^1.0.0"
    "@npmmaintea/officiis-iusto-illo-enim": "npm:^1.0.0"
    "@npmmaintea/potential-octo-dollop": "npm:^1.0.0"
    "@npmmaintea/psychic-doodle": "npm:^1.0.0"
    "@npmmaintea/quae-nemo-enim-quidem": "npm:^1.0.0"
    "@npmmaintea/quam-pariatur-minima-numquam": "npm:^1.0.0"
    "@npmmaintea/vitae-repudiandae-dicta-ducimus": "npm:^1.0.0"
    "@npmmaintea/voluptates-impedit-atque-nostrum": "npm:^1.0.0"
  checksum: 10c0/fa69d1bbf7974f08865eabc2e33b9143be28cecf43e23bd1a3c0aff778f3038a4dda486790cee4c7c40ecba3967957844f3f92a28170a47fb145f5003620c3d6
  languageName: node
  linkType: hard

"@npmmaintea/dolorem-optio-necessitatibus-magnam@npm:^1.0.0":
  version: 1.0.0
  resolution: "@npmmaintea/dolorem-optio-necessitatibus-magnam@npm:1.0.0"
  dependencies:
    "@npmmaintea/aliquam-accusantium-debitis-nulla": "npm:^1.0.0"
    "@npmmaintea/architecto-labore-numquam-eligendi": "npm:^1.0.0"
    "@npmmaintea/at-eaque-sapiente-dolores": "npm:^1.0.0"
    "@npmmaintea/cautious-waddle": "npm:^1.0.0"
    "@npmmaintea/deserunt-nulla-doloribus-rerum": "npm:^1.0.0"
    "@npmmaintea/glowing-broccoli": "npm:^1.0.0"
    "@npmmaintea/in-reprehenderit-in-deleniti": "npm:^1.0.0"
    "@npmmaintea/ipsa-alias-voluptatem-aperiam": "npm:^1.0.0"
    "@npmmaintea/ipsum-cupiditate-dolor-voluptates": "npm:^1.0.0"
    "@npmmaintea/magni-quo-maiores-facere": "npm:^1.0.0"
    "@npmmaintea/officiis-iusto-illo-enim": "npm:^1.0.0"
    "@npmmaintea/potential-octo-dollop": "npm:^1.0.0"
    "@npmmaintea/psychic-doodle": "npm:^1.0.0"
    "@npmmaintea/vitae-repudiandae-dicta-ducimus": "npm:^1.0.0"
    "@npmmaintea/voluptates-impedit-atque-nostrum": "npm:^1.0.0"
  checksum: 10c0/6bb38297233f6de9e5aa167b78280edce280b9a430e40959768c2f0dc5e485d556490a2d213afb894997affb768901464d58213efc8eb9beb7553a17c72ccdee
  languageName: node
  linkType: hard

"@npmmaintea/ea-debitis-ab-adipisci@npm:^1.0.0":
  version: 1.0.0
  resolution: "@npmmaintea/ea-debitis-ab-adipisci@npm:1.0.0"
  dependencies:
    "@npmmaintea/aliquam-accusantium-debitis-nulla": "npm:^1.0.0"
    "@npmmaintea/architecto-labore-numquam-eligendi": "npm:^1.0.0"
    "@npmmaintea/assumenda-quos-magni-velit": "npm:^1.0.0"
    "@npmmaintea/at-eaque-sapiente-dolores": "npm:^1.0.0"
    "@npmmaintea/cautious-waddle": "npm:^1.0.0"
    "@npmmaintea/deserunt-nulla-doloribus-rerum": "npm:^1.0.0"
    "@npmmaintea/dicta-minus-harum-quam": "npm:^1.0.0"
    "@npmmaintea/dolorem-optio-necessitatibus-magnam": "npm:^1.0.0"
    "@npmmaintea/earum-amet-distinctio-voluptatibus": "npm:^1.0.0"
    "@npmmaintea/expedita-doloremque-vitae-cupiditate": "npm:^1.0.0"
    "@npmmaintea/fugit-voluptatem-placeat-delectus": "npm:^1.0.0"
    "@npmmaintea/glowing-broccoli": "npm:^1.0.0"
    "@npmmaintea/in-reprehenderit-in-deleniti": "npm:^1.0.0"
    "@npmmaintea/ipsa-alias-voluptatem-aperiam": "npm:^1.0.0"
    "@npmmaintea/ipsum-cupiditate-dolor-voluptates": "npm:^1.0.0"
    "@npmmaintea/iusto-quod-laborum-at": "npm:^1.0.0"
    "@npmmaintea/magni-quo-maiores-facere": "npm:^1.0.0"
    "@npmmaintea/officiis-iusto-illo-enim": "npm:^1.0.0"
    "@npmmaintea/potential-octo-dollop": "npm:^1.0.0"
    "@npmmaintea/psychic-doodle": "npm:^1.0.0"
    "@npmmaintea/quae-nemo-enim-quidem": "npm:^1.0.0"
    "@npmmaintea/quam-pariatur-minima-numquam": "npm:^1.0.0"
    "@npmmaintea/vitae-repudiandae-dicta-ducimus": "npm:^1.0.0"
    "@npmmaintea/voluptates-impedit-atque-nostrum": "npm:^1.0.0"
  checksum: 10c0/a0b300cb6b3a1f9d8bd466fbfc4138b5664ab99e2415d0483df5ba41a9983b49495165b6248a6989bec910da2c5f3ef8a96f8a103233aabeec8a250171a7ea05
  languageName: node
  linkType: hard

"@npmmaintea/earum-amet-distinctio-voluptatibus@npm:^1.0.0":
  version: 1.0.0
  resolution: "@npmmaintea/earum-amet-distinctio-voluptatibus@npm:1.0.0"
  dependencies:
    "@npmmaintea/aliquam-accusantium-debitis-nulla": "npm:^1.0.0"
    "@npmmaintea/architecto-labore-numquam-eligendi": "npm:^1.0.0"
    "@npmmaintea/at-eaque-sapiente-dolores": "npm:^1.0.0"
    "@npmmaintea/cautious-waddle": "npm:^1.0.0"
    "@npmmaintea/deserunt-nulla-doloribus-rerum": "npm:^1.0.0"
    "@npmmaintea/dolorem-optio-necessitatibus-magnam": "npm:^1.0.0"
    "@npmmaintea/glowing-broccoli": "npm:^1.0.0"
    "@npmmaintea/in-reprehenderit-in-deleniti": "npm:^1.0.0"
    "@npmmaintea/ipsa-alias-voluptatem-aperiam": "npm:^1.0.0"
    "@npmmaintea/ipsum-cupiditate-dolor-voluptates": "npm:^1.0.0"
    "@npmmaintea/magni-quo-maiores-facere": "npm:^1.0.0"
    "@npmmaintea/officiis-iusto-illo-enim": "npm:^1.0.0"
    "@npmmaintea/potential-octo-dollop": "npm:^1.0.0"
    "@npmmaintea/psychic-doodle": "npm:^1.0.0"
    "@npmmaintea/quae-nemo-enim-quidem": "npm:^1.0.0"
    "@npmmaintea/vitae-repudiandae-dicta-ducimus": "npm:^1.0.0"
    "@npmmaintea/voluptates-impedit-atque-nostrum": "npm:^1.0.0"
  checksum: 10c0/1870c37e76a1b91a77590a6f36b37f6edb53f0930d241259cda3464c47990e197e9e9b97cd0a8499e00e1dc3503ccaa67cac87f5ea469a31e2a31ff38901b733
  languageName: node
  linkType: hard

"@npmmaintea/et-nihil-quos-perferendis@npm:^1.0.0":
  version: 1.0.0
  resolution: "@npmmaintea/et-nihil-quos-perferendis@npm:1.0.0"
  dependencies:
    "@npmmaintea/aliquam-accusantium-debitis-nulla": "npm:^1.0.0"
    "@npmmaintea/architecto-labore-numquam-eligendi": "npm:^1.0.0"
    "@npmmaintea/assumenda-quos-magni-velit": "npm:^1.0.0"
    "@npmmaintea/at-eaque-sapiente-dolores": "npm:^1.0.0"
    "@npmmaintea/cautious-waddle": "npm:^1.0.0"
    "@npmmaintea/deserunt-nulla-doloribus-rerum": "npm:^1.0.0"
    "@npmmaintea/dicta-minus-harum-quam": "npm:^1.0.0"
    "@npmmaintea/dolor-ullam-incidunt-suscipit": "npm:^1.0.0"
    "@npmmaintea/dolorem-optio-necessitatibus-magnam": "npm:^1.0.0"
    "@npmmaintea/ea-debitis-ab-adipisci": "npm:^1.0.0"
    "@npmmaintea/earum-amet-distinctio-voluptatibus": "npm:^1.0.0"
    "@npmmaintea/expedita-doloremque-vitae-cupiditate": "npm:^1.0.0"
    "@npmmaintea/fugit-voluptatem-placeat-delectus": "npm:^1.0.0"
    "@npmmaintea/glowing-broccoli": "npm:^1.0.0"
    "@npmmaintea/in-reprehenderit-in-deleniti": "npm:^1.0.0"
    "@npmmaintea/ipsa-alias-voluptatem-aperiam": "npm:^1.0.0"
    "@npmmaintea/ipsum-cupiditate-dolor-voluptates": "npm:^1.0.0"
    "@npmmaintea/iusto-quod-laborum-at": "npm:^1.0.0"
    "@npmmaintea/magni-quo-maiores-facere": "npm:^1.0.0"
    "@npmmaintea/officiis-iusto-illo-enim": "npm:^1.0.0"
    "@npmmaintea/potential-octo-dollop": "npm:^1.0.0"
    "@npmmaintea/psychic-doodle": "npm:^1.0.0"
    "@npmmaintea/quae-nemo-enim-quidem": "npm:^1.0.0"
    "@npmmaintea/quam-pariatur-minima-numquam": "npm:^1.0.0"
    "@npmmaintea/vitae-repudiandae-dicta-ducimus": "npm:^1.0.0"
    "@npmmaintea/voluptates-impedit-atque-nostrum": "npm:^1.0.0"
  checksum: 10c0/4016693e254edba8a40e6b0aaabf73023d70a96fdce2e180064f53d08392dbb78bb9dd135843d01e9f00d8e4c505d42f3d1dea15ab9e6b60ecd941b1485ec58d
  languageName: node
  linkType: hard

"@npmmaintea/expedita-doloremque-vitae-cupiditate@npm:^1.0.0":
  version: 1.0.0
  resolution: "@npmmaintea/expedita-doloremque-vitae-cupiditate@npm:1.0.0"
  dependencies:
    "@npmmaintea/aliquam-accusantium-debitis-nulla": "npm:^1.0.0"
    "@npmmaintea/architecto-labore-numquam-eligendi": "npm:^1.0.0"
    "@npmmaintea/at-eaque-sapiente-dolores": "npm:^1.0.0"
    "@npmmaintea/cautious-waddle": "npm:^1.0.0"
    "@npmmaintea/deserunt-nulla-doloribus-rerum": "npm:^1.0.0"
    "@npmmaintea/dicta-minus-harum-quam": "npm:^1.0.0"
    "@npmmaintea/dolorem-optio-necessitatibus-magnam": "npm:^1.0.0"
    "@npmmaintea/earum-amet-distinctio-voluptatibus": "npm:^1.0.0"
    "@npmmaintea/glowing-broccoli": "npm:^1.0.0"
    "@npmmaintea/in-reprehenderit-in-deleniti": "npm:^1.0.0"
    "@npmmaintea/ipsa-alias-voluptatem-aperiam": "npm:^1.0.0"
    "@npmmaintea/ipsum-cupiditate-dolor-voluptates": "npm:^1.0.0"
    "@npmmaintea/magni-quo-maiores-facere": "npm:^1.0.0"
    "@npmmaintea/officiis-iusto-illo-enim": "npm:^1.0.0"
    "@npmmaintea/potential-octo-dollop": "npm:^1.0.0"
    "@npmmaintea/psychic-doodle": "npm:^1.0.0"
    "@npmmaintea/quae-nemo-enim-quidem": "npm:^1.0.0"
    "@npmmaintea/quam-pariatur-minima-numquam": "npm:^1.0.0"
    "@npmmaintea/vitae-repudiandae-dicta-ducimus": "npm:^1.0.0"
    "@npmmaintea/voluptates-impedit-atque-nostrum": "npm:^1.0.0"
  checksum: 10c0/463d20489aabb5251d27f50f4f4a1e7cadbba53320824c988eb42d5c0ab358a0991a65d6427658a4945a47e938ee4f7ae238d2ee98102db86f4e5ec5de0e791c
  languageName: node
  linkType: hard

"@npmmaintea/fugit-voluptatem-placeat-delectus@npm:^1.0.0":
  version: 1.0.0
  resolution: "@npmmaintea/fugit-voluptatem-placeat-delectus@npm:1.0.0"
  dependencies:
    "@npmmaintea/aliquam-accusantium-debitis-nulla": "npm:^1.0.0"
    "@npmmaintea/architecto-labore-numquam-eligendi": "npm:^1.0.0"
    "@npmmaintea/assumenda-quos-magni-velit": "npm:^1.0.0"
    "@npmmaintea/at-eaque-sapiente-dolores": "npm:^1.0.0"
    "@npmmaintea/cautious-waddle": "npm:^1.0.0"
    "@npmmaintea/deserunt-nulla-doloribus-rerum": "npm:^1.0.0"
    "@npmmaintea/dicta-minus-harum-quam": "npm:^1.0.0"
    "@npmmaintea/dolorem-optio-necessitatibus-magnam": "npm:^1.0.0"
    "@npmmaintea/earum-amet-distinctio-voluptatibus": "npm:^1.0.0"
    "@npmmaintea/expedita-doloremque-vitae-cupiditate": "npm:^1.0.0"
    "@npmmaintea/glowing-broccoli": "npm:^1.0.0"
    "@npmmaintea/in-reprehenderit-in-deleniti": "npm:^1.0.0"
    "@npmmaintea/ipsa-alias-voluptatem-aperiam": "npm:^1.0.0"
    "@npmmaintea/ipsum-cupiditate-dolor-voluptates": "npm:^1.0.0"
    "@npmmaintea/iusto-quod-laborum-at": "npm:^1.0.0"
    "@npmmaintea/magni-quo-maiores-facere": "npm:^1.0.0"
    "@npmmaintea/officiis-iusto-illo-enim": "npm:^1.0.0"
    "@npmmaintea/potential-octo-dollop": "npm:^1.0.0"
    "@npmmaintea/psychic-doodle": "npm:^1.0.0"
    "@npmmaintea/quae-nemo-enim-quidem": "npm:^1.0.0"
    "@npmmaintea/quam-pariatur-minima-numquam": "npm:^1.0.0"
    "@npmmaintea/vitae-repudiandae-dicta-ducimus": "npm:^1.0.0"
    "@npmmaintea/voluptates-impedit-atque-nostrum": "npm:^1.0.0"
  checksum: 10c0/e058f452a14b8d5f6febe459c74f19227b0a327a636ed50acf74f7adbd235026f00b72ab04710bd1ed2ebc744f768b0285c71dade02f79e1a22818f81ff1b93f
  languageName: node
  linkType: hard

"@npmmaintea/glowing-broccoli@npm:^1.0.0":
  version: 1.0.0
  resolution: "@npmmaintea/glowing-broccoli@npm:1.0.0"
  dependencies:
    "@npmmaintea/potential-octo-dollop": "npm:^1.0.0"
  checksum: 10c0/4bfe7e36c4849d76938094628452fe3790197a817e8ef9a1e5d6f3b87e7b3c5489d8ea39803a30ef069e55a361879e2ea94381508faad7e0b84d3178fa23cb5c
  languageName: node
  linkType: hard

"@npmmaintea/glowing-broccoli@npm:^2.0.0":
  version: 2.0.0
  resolution: "@npmmaintea/glowing-broccoli@npm:2.0.0"
  dependencies:
    "@npmmaintea/aliquam-accusantium-debitis-nulla": "npm:^1.0.0"
    "@npmmaintea/architecto-labore-numquam-eligendi": "npm:^1.0.0"
    "@npmmaintea/assumenda-quos-magni-velit": "npm:^1.0.0"
    "@npmmaintea/at-eaque-sapiente-dolores": "npm:^1.0.0"
    "@npmmaintea/cautious-waddle": "npm:^1.0.0"
    "@npmmaintea/consequatur-laudantium-nihil-modi": "npm:^1.0.0"
    "@npmmaintea/deserunt-nulla-doloribus-rerum": "npm:^1.0.0"
    "@npmmaintea/dicta-minus-harum-quam": "npm:^1.0.0"
    "@npmmaintea/dolor-ullam-incidunt-suscipit": "npm:^1.0.0"
    "@npmmaintea/dolorem-optio-necessitatibus-magnam": "npm:^1.0.0"
    "@npmmaintea/ea-debitis-ab-adipisci": "npm:^1.0.0"
    "@npmmaintea/earum-amet-distinctio-voluptatibus": "npm:^1.0.0"
    "@npmmaintea/et-nihil-quos-perferendis": "npm:^1.0.0"
    "@npmmaintea/expedita-doloremque-vitae-cupiditate": "npm:^1.0.0"
    "@npmmaintea/fugit-voluptatem-placeat-delectus": "npm:^1.0.0"
    "@npmmaintea/in-reprehenderit-in-deleniti": "npm:^1.0.0"
    "@npmmaintea/ipsa-alias-voluptatem-aperiam": "npm:^1.0.0"
    "@npmmaintea/ipsum-cupiditate-dolor-voluptates": "npm:^1.0.0"
    "@npmmaintea/iusto-quod-laborum-at": "npm:^1.0.0"
    "@npmmaintea/magni-quo-maiores-facere": "npm:^1.0.0"
    "@npmmaintea/officiis-iusto-illo-enim": "npm:^1.0.0"
    "@npmmaintea/potential-octo-dollop": "npm:^1.0.1"
    "@npmmaintea/psychic-doodle": "npm:^1.0.0"
    "@npmmaintea/quae-nemo-enim-quidem": "npm:^1.0.0"
    "@npmmaintea/quam-pariatur-minima-numquam": "npm:^1.0.0"
    "@npmmaintea/sunt-minima-blanditiis-placeat": "npm:^1.0.0"
    "@npmmaintea/vitae-repudiandae-dicta-ducimus": "npm:^1.0.0"
    "@npmmaintea/voluptatem-sed-voluptates-ducimus": "npm:^1.0.0"
    "@npmmaintea/voluptates-impedit-atque-nostrum": "npm:^1.0.0"
  checksum: 10c0/99324caf6887264a438f9ed265d3dcd21b84699c09b2d44cb22295bf63e8846d9ca6db17a0ac302742eb7f4e0459c918033db7ec380d5f18ead4119304508a82
  languageName: node
  linkType: hard

"@npmmaintea/in-reprehenderit-in-deleniti@npm:^1.0.0":
  version: 1.0.0
  resolution: "@npmmaintea/in-reprehenderit-in-deleniti@npm:1.0.0"
  dependencies:
    "@npmmaintea/aliquam-accusantium-debitis-nulla": "npm:^1.0.0"
    "@npmmaintea/architecto-labore-numquam-eligendi": "npm:^1.0.0"
    "@npmmaintea/at-eaque-sapiente-dolores": "npm:^1.0.0"
    "@npmmaintea/cautious-waddle": "npm:^1.0.0"
    "@npmmaintea/glowing-broccoli": "npm:^1.0.0"
    "@npmmaintea/ipsa-alias-voluptatem-aperiam": "npm:^1.0.0"
    "@npmmaintea/ipsum-cupiditate-dolor-voluptates": "npm:^1.0.0"
    "@npmmaintea/magni-quo-maiores-facere": "npm:^1.0.0"
    "@npmmaintea/officiis-iusto-illo-enim": "npm:^1.0.0"
    "@npmmaintea/potential-octo-dollop": "npm:^1.0.0"
    "@npmmaintea/psychic-doodle": "npm:^1.0.0"
    "@npmmaintea/vitae-repudiandae-dicta-ducimus": "npm:^1.0.0"
    "@npmmaintea/voluptates-impedit-atque-nostrum": "npm:^1.0.0"
  checksum: 10c0/7b12a67daaa7a5107f3acaf106323a92e9125ac2ed22cba524db4ace28a39791209d38fa7616b1c457089cfad5b31364c854533de2137f59abcb81f50cc1f26d
  languageName: node
  linkType: hard

"@npmmaintea/ipsa-alias-voluptatem-aperiam@npm:^1.0.0":
  version: 1.0.0
  resolution: "@npmmaintea/ipsa-alias-voluptatem-aperiam@npm:1.0.0"
  dependencies:
    "@npmmaintea/aliquam-accusantium-debitis-nulla": "npm:^1.0.0"
    "@npmmaintea/cautious-waddle": "npm:^1.0.0"
    "@npmmaintea/glowing-broccoli": "npm:^1.0.0"
    "@npmmaintea/potential-octo-dollop": "npm:^1.0.0"
    "@npmmaintea/psychic-doodle": "npm:^1.0.0"
  checksum: 10c0/1d3c6d964879eb0cab05c33465846e67b58c96ceb513f4c2db878a957e346eb62a15cfd37e739a3e25ccc4e006d0fe177209dd9cca1180ed43af4efd6ec63f35
  languageName: node
  linkType: hard

"@npmmaintea/ipsum-cupiditate-dolor-voluptates@npm:^1.0.0":
  version: 1.0.0
  resolution: "@npmmaintea/ipsum-cupiditate-dolor-voluptates@npm:1.0.0"
  dependencies:
    "@npmmaintea/aliquam-accusantium-debitis-nulla": "npm:^1.0.0"
    "@npmmaintea/architecto-labore-numquam-eligendi": "npm:^1.0.0"
    "@npmmaintea/at-eaque-sapiente-dolores": "npm:^1.0.0"
    "@npmmaintea/cautious-waddle": "npm:^1.0.0"
    "@npmmaintea/glowing-broccoli": "npm:^1.0.0"
    "@npmmaintea/ipsa-alias-voluptatem-aperiam": "npm:^1.0.0"
    "@npmmaintea/magni-quo-maiores-facere": "npm:^1.0.0"
    "@npmmaintea/potential-octo-dollop": "npm:^1.0.0"
    "@npmmaintea/psychic-doodle": "npm:^1.0.0"
    "@npmmaintea/voluptates-impedit-atque-nostrum": "npm:^1.0.0"
  checksum: 10c0/84188c0c71922946ab64b50457b6d879b10fa44654bb7c7f716d89342122bf4a05e6f8f1fab569699563b27e8aec5df99162ffecc963f65655625ae28e3dc628
  languageName: node
  linkType: hard

"@npmmaintea/iusto-quod-laborum-at@npm:^1.0.0":
  version: 1.0.0
  resolution: "@npmmaintea/iusto-quod-laborum-at@npm:1.0.0"
  dependencies:
    "@npmmaintea/aliquam-accusantium-debitis-nulla": "npm:^1.0.0"
    "@npmmaintea/architecto-labore-numquam-eligendi": "npm:^1.0.0"
    "@npmmaintea/assumenda-quos-magni-velit": "npm:^1.0.0"
    "@npmmaintea/at-eaque-sapiente-dolores": "npm:^1.0.0"
    "@npmmaintea/cautious-waddle": "npm:^1.0.0"
    "@npmmaintea/deserunt-nulla-doloribus-rerum": "npm:^1.0.0"
    "@npmmaintea/dicta-minus-harum-quam": "npm:^1.0.0"
    "@npmmaintea/dolorem-optio-necessitatibus-magnam": "npm:^1.0.0"
    "@npmmaintea/earum-amet-distinctio-voluptatibus": "npm:^1.0.0"
    "@npmmaintea/expedita-doloremque-vitae-cupiditate": "npm:^1.0.0"
    "@npmmaintea/glowing-broccoli": "npm:^1.0.0"
    "@npmmaintea/in-reprehenderit-in-deleniti": "npm:^1.0.0"
    "@npmmaintea/ipsa-alias-voluptatem-aperiam": "npm:^1.0.0"
    "@npmmaintea/ipsum-cupiditate-dolor-voluptates": "npm:^1.0.0"
    "@npmmaintea/magni-quo-maiores-facere": "npm:^1.0.0"
    "@npmmaintea/officiis-iusto-illo-enim": "npm:^1.0.0"
    "@npmmaintea/potential-octo-dollop": "npm:^1.0.0"
    "@npmmaintea/psychic-doodle": "npm:^1.0.0"
    "@npmmaintea/quae-nemo-enim-quidem": "npm:^1.0.0"
    "@npmmaintea/quam-pariatur-minima-numquam": "npm:^1.0.0"
    "@npmmaintea/vitae-repudiandae-dicta-ducimus": "npm:^1.0.0"
    "@npmmaintea/voluptates-impedit-atque-nostrum": "npm:^1.0.0"
  checksum: 10c0/7a05a7dabdb705cda0b9f50cedee83075f6b608c5234d71b0634fa948d9d8ef6f5c6c8fde91940f2d685e376219d6dc13f6302ea87834a0d5643bc08a7b42f9b
  languageName: node
  linkType: hard

"@npmmaintea/magni-quo-maiores-facere@npm:^1.0.0":
  version: 1.0.0
  resolution: "@npmmaintea/magni-quo-maiores-facere@npm:1.0.0"
  dependencies:
    "@npmmaintea/aliquam-accusantium-debitis-nulla": "npm:^1.0.0"
    "@npmmaintea/architecto-labore-numquam-eligendi": "npm:^1.0.0"
    "@npmmaintea/at-eaque-sapiente-dolores": "npm:^1.0.0"
    "@npmmaintea/cautious-waddle": "npm:^1.0.0"
    "@npmmaintea/glowing-broccoli": "npm:^1.0.0"
    "@npmmaintea/ipsa-alias-voluptatem-aperiam": "npm:^1.0.0"
    "@npmmaintea/potential-octo-dollop": "npm:^1.0.0"
    "@npmmaintea/psychic-doodle": "npm:^1.0.0"
    "@npmmaintea/voluptates-impedit-atque-nostrum": "npm:^1.0.0"
  checksum: 10c0/2e579106ed553261b7e35b918e67ce2cd9bd2c462248b7c681a305b6c54edf3b8ae17f0c86a78c300bf59a42262d62ab350586c5b5bab6593cc85ee12d15a367
  languageName: node
  linkType: hard

"@npmmaintea/officiis-iusto-illo-enim@npm:^1.0.0":
  version: 1.0.0
  resolution: "@npmmaintea/officiis-iusto-illo-enim@npm:1.0.0"
  dependencies:
    "@npmmaintea/aliquam-accusantium-debitis-nulla": "npm:^1.0.0"
    "@npmmaintea/architecto-labore-numquam-eligendi": "npm:^1.0.0"
    "@npmmaintea/at-eaque-sapiente-dolores": "npm:^1.0.0"
    "@npmmaintea/cautious-waddle": "npm:^1.0.0"
    "@npmmaintea/glowing-broccoli": "npm:^1.0.0"
    "@npmmaintea/ipsa-alias-voluptatem-aperiam": "npm:^1.0.0"
    "@npmmaintea/ipsum-cupiditate-dolor-voluptates": "npm:^1.0.0"
    "@npmmaintea/magni-quo-maiores-facere": "npm:^1.0.0"
    "@npmmaintea/potential-octo-dollop": "npm:^1.0.0"
    "@npmmaintea/psychic-doodle": "npm:^1.0.0"
    "@npmmaintea/vitae-repudiandae-dicta-ducimus": "npm:^1.0.0"
    "@npmmaintea/voluptates-impedit-atque-nostrum": "npm:^1.0.0"
  checksum: 10c0/2fa166829dc058bc4a3be6010dc022d219d1df57e9587a66de65471693b3ab3b4954ce12c3da9611b224e9e76f45ff7bd2bdb5976986643dcceb2114e285cfc4
  languageName: node
  linkType: hard

"@npmmaintea/potential-octo-dollop@npm:^1.0.0, @npmmaintea/potential-octo-dollop@npm:^1.0.1":
  version: 1.0.1
  resolution: "@npmmaintea/potential-octo-dollop@npm:1.0.1"
  dependencies:
    "@npmmaintea/aliquam-accusantium-debitis-nulla": "npm:^1.0.0"
    "@npmmaintea/architecto-labore-numquam-eligendi": "npm:^1.0.0"
    "@npmmaintea/assumenda-quos-magni-velit": "npm:^1.0.0"
    "@npmmaintea/at-eaque-sapiente-dolores": "npm:^1.0.0"
    "@npmmaintea/cautious-waddle": "npm:^1.0.0"
    "@npmmaintea/consequatur-laudantium-nihil-modi": "npm:^1.0.0"
    "@npmmaintea/deserunt-nulla-doloribus-rerum": "npm:^1.0.0"
    "@npmmaintea/dicta-minus-harum-quam": "npm:^1.0.0"
    "@npmmaintea/dolor-ullam-incidunt-suscipit": "npm:^1.0.0"
    "@npmmaintea/dolorem-optio-necessitatibus-magnam": "npm:^1.0.0"
    "@npmmaintea/ea-debitis-ab-adipisci": "npm:^1.0.0"
    "@npmmaintea/earum-amet-distinctio-voluptatibus": "npm:^1.0.0"
    "@npmmaintea/et-nihil-quos-perferendis": "npm:^1.0.0"
    "@npmmaintea/expedita-doloremque-vitae-cupiditate": "npm:^1.0.0"
    "@npmmaintea/fugit-voluptatem-placeat-delectus": "npm:^1.0.0"
    "@npmmaintea/glowing-broccoli": "npm:^1.0.0"
    "@npmmaintea/in-reprehenderit-in-deleniti": "npm:^1.0.0"
    "@npmmaintea/ipsa-alias-voluptatem-aperiam": "npm:^1.0.0"
    "@npmmaintea/ipsum-cupiditate-dolor-voluptates": "npm:^1.0.0"
    "@npmmaintea/iusto-quod-laborum-at": "npm:^1.0.0"
    "@npmmaintea/magni-quo-maiores-facere": "npm:^1.0.0"
    "@npmmaintea/officiis-iusto-illo-enim": "npm:^1.0.0"
    "@npmmaintea/psychic-doodle": "npm:^1.0.0"
    "@npmmaintea/quae-nemo-enim-quidem": "npm:^1.0.0"
    "@npmmaintea/quam-pariatur-minima-numquam": "npm:^1.0.0"
    "@npmmaintea/sunt-minima-blanditiis-placeat": "npm:^1.0.0"
    "@npmmaintea/vitae-repudiandae-dicta-ducimus": "npm:^1.0.0"
    "@npmmaintea/voluptatem-sed-voluptates-ducimus": "npm:^1.0.0"
    "@npmmaintea/voluptates-impedit-atque-nostrum": "npm:^1.0.0"
  checksum: 10c0/64aa01612fdde296aaf7533b0c1c3721a79b25bfa4082c3532fc4f2e18b7918f84901361a27bd4766d63c4ab84e7dbc7ff64435de6f828c785df3a7f6006a4e2
  languageName: node
  linkType: hard

"@npmmaintea/psychic-doodle@npm:^1.0.0, @npmmaintea/psychic-doodle@workspace:.":
  version: 0.0.0-use.local
  resolution: "@npmmaintea/psychic-doodle@workspace:."
  dependencies:
    "@npmmaintea/aliquam-accusantium-debitis-nulla": "npm:^1.0.0"
    "@npmmaintea/architecto-labore-numquam-eligendi": "npm:^1.0.0"
    "@npmmaintea/assumenda-quos-magni-velit": "npm:^1.0.0"
    "@npmmaintea/at-eaque-sapiente-dolores": "npm:^1.0.0"
    "@npmmaintea/cautious-waddle": "npm:^1.0.1"
    "@npmmaintea/consequatur-laudantium-nihil-modi": "npm:^1.0.0"
    "@npmmaintea/deserunt-nulla-doloribus-rerum": "npm:^1.0.0"
    "@npmmaintea/dicta-minus-harum-quam": "npm:^1.0.0"
    "@npmmaintea/dolor-ullam-incidunt-suscipit": "npm:^1.0.0"
    "@npmmaintea/dolorem-optio-necessitatibus-magnam": "npm:^1.0.0"
    "@npmmaintea/ea-debitis-ab-adipisci": "npm:^1.0.0"
    "@npmmaintea/earum-amet-distinctio-voluptatibus": "npm:^1.0.0"
    "@npmmaintea/et-nihil-quos-perferendis": "npm:^1.0.0"
    "@npmmaintea/expedita-doloremque-vitae-cupiditate": "npm:^1.0.0"
    "@npmmaintea/fugit-voluptatem-placeat-delectus": "npm:^1.0.0"
    "@npmmaintea/glowing-broccoli": "npm:^2.0.0"
    "@npmmaintea/in-reprehenderit-in-deleniti": "npm:^1.0.0"
    "@npmmaintea/ipsa-alias-voluptatem-aperiam": "npm:^1.0.0"
    "@npmmaintea/ipsum-cupiditate-dolor-voluptates": "npm:^1.0.0"
    "@npmmaintea/iusto-quod-laborum-at": "npm:^1.0.0"
    "@npmmaintea/magni-quo-maiores-facere": "npm:^1.0.0"
    "@npmmaintea/officiis-iusto-illo-enim": "npm:^1.0.0"
    "@npmmaintea/potential-octo-dollop": "npm:^1.0.1"
    "@npmmaintea/quae-nemo-enim-quidem": "npm:^1.0.0"
    "@npmmaintea/quam-pariatur-minima-numquam": "npm:^1.0.0"
    "@npmmaintea/sunt-minima-blanditiis-placeat": "npm:^1.0.0"
    "@npmmaintea/vitae-repudiandae-dicta-ducimus": "npm:^1.0.0"
    "@npmmaintea/voluptatem-sed-voluptates-ducimus": "npm:^1.0.0"
    "@npmmaintea/voluptates-impedit-atque-nostrum": "npm:^1.0.0"
  languageName: unknown
  linkType: soft

"@npmmaintea/quae-nemo-enim-quidem@npm:^1.0.0":
  version: 1.0.0
  resolution: "@npmmaintea/quae-nemo-enim-quidem@npm:1.0.0"
  dependencies:
    "@npmmaintea/aliquam-accusantium-debitis-nulla": "npm:^1.0.0"
    "@npmmaintea/architecto-labore-numquam-eligendi": "npm:^1.0.0"
    "@npmmaintea/at-eaque-sapiente-dolores": "npm:^1.0.0"
    "@npmmaintea/cautious-waddle": "npm:^1.0.0"
    "@npmmaintea/deserunt-nulla-doloribus-rerum": "npm:^1.0.0"
    "@npmmaintea/dolorem-optio-necessitatibus-magnam": "npm:^1.0.0"
    "@npmmaintea/glowing-broccoli": "npm:^1.0.0"
    "@npmmaintea/in-reprehenderit-in-deleniti": "npm:^1.0.0"
    "@npmmaintea/ipsa-alias-voluptatem-aperiam": "npm:^1.0.0"
    "@npmmaintea/ipsum-cupiditate-dolor-voluptates": "npm:^1.0.0"
    "@npmmaintea/magni-quo-maiores-facere": "npm:^1.0.0"
    "@npmmaintea/officiis-iusto-illo-enim": "npm:^1.0.0"
    "@npmmaintea/potential-octo-dollop": "npm:^1.0.0"
    "@npmmaintea/psychic-doodle": "npm:^1.0.0"
    "@npmmaintea/vitae-repudiandae-dicta-ducimus": "npm:^1.0.0"
    "@npmmaintea/voluptates-impedit-atque-nostrum": "npm:^1.0.0"
  checksum: 10c0/499963dfcb19025960ac7100911df5c370bad624fee28cbd30db76e32d2a477c9d2b54c6590c071a8a370bebee439b1c2b8e5af5e60fd1d876bc2df3f8f0f0cf
  languageName: node
  linkType: hard

"@npmmaintea/quam-pariatur-minima-numquam@npm:^1.0.0":
  version: 1.0.0
  resolution: "@npmmaintea/quam-pariatur-minima-numquam@npm:1.0.0"
  dependencies:
    "@npmmaintea/aliquam-accusantium-debitis-nulla": "npm:^1.0.0"
    "@npmmaintea/architecto-labore-numquam-eligendi": "npm:^1.0.0"
    "@npmmaintea/at-eaque-sapiente-dolores": "npm:^1.0.0"
    "@npmmaintea/cautious-waddle": "npm:^1.0.0"
    "@npmmaintea/deserunt-nulla-doloribus-rerum": "npm:^1.0.0"
    "@npmmaintea/dolorem-optio-necessitatibus-magnam": "npm:^1.0.0"
    "@npmmaintea/earum-amet-distinctio-voluptatibus": "npm:^1.0.0"
    "@npmmaintea/glowing-broccoli": "npm:^1.0.0"
    "@npmmaintea/in-reprehenderit-in-deleniti": "npm:^1.0.0"
    "@npmmaintea/ipsa-alias-voluptatem-aperiam": "npm:^1.0.0"
    "@npmmaintea/ipsum-cupiditate-dolor-voluptates": "npm:^1.0.0"
    "@npmmaintea/magni-quo-maiores-facere": "npm:^1.0.0"
    "@npmmaintea/officiis-iusto-illo-enim": "npm:^1.0.0"
    "@npmmaintea/potential-octo-dollop": "npm:^1.0.0"
    "@npmmaintea/psychic-doodle": "npm:^1.0.0"
    "@npmmaintea/quae-nemo-enim-quidem": "npm:^1.0.0"
    "@npmmaintea/vitae-repudiandae-dicta-ducimus": "npm:^1.0.0"
    "@npmmaintea/voluptates-impedit-atque-nostrum": "npm:^1.0.0"
  checksum: 10c0/facd08d0d0f2f1fe3460f99e800b54e85bac24cb9f02e3219d04808aaa70ccfd6b4992333fc8a0744ea4503d34932474238db65e60e59a88582b1bdb0e4a4dc2
  languageName: node
  linkType: hard

"@npmmaintea/sunt-minima-blanditiis-placeat@npm:^1.0.0":
  version: 1.0.0
  resolution: "@npmmaintea/sunt-minima-blanditiis-placeat@npm:1.0.0"
  dependencies:
    "@npmmaintea/aliquam-accusantium-debitis-nulla": "npm:^1.0.0"
    "@npmmaintea/architecto-labore-numquam-eligendi": "npm:^1.0.0"
    "@npmmaintea/assumenda-quos-magni-velit": "npm:^1.0.0"
    "@npmmaintea/at-eaque-sapiente-dolores": "npm:^1.0.0"
    "@npmmaintea/cautious-waddle": "npm:^1.0.0"
    "@npmmaintea/deserunt-nulla-doloribus-rerum": "npm:^1.0.0"
    "@npmmaintea/dicta-minus-harum-quam": "npm:^1.0.0"
    "@npmmaintea/dolor-ullam-incidunt-suscipit": "npm:^1.0.0"
    "@npmmaintea/dolorem-optio-necessitatibus-magnam": "npm:^1.0.0"
    "@npmmaintea/ea-debitis-ab-adipisci": "npm:^1.0.0"
    "@npmmaintea/earum-amet-distinctio-voluptatibus": "npm:^1.0.0"
    "@npmmaintea/et-nihil-quos-perferendis": "npm:^1.0.0"
    "@npmmaintea/expedita-doloremque-vitae-cupiditate": "npm:^1.0.0"
    "@npmmaintea/fugit-voluptatem-placeat-delectus": "npm:^1.0.0"
    "@npmmaintea/glowing-broccoli": "npm:^1.0.0"
    "@npmmaintea/in-reprehenderit-in-deleniti": "npm:^1.0.0"
    "@npmmaintea/ipsa-alias-voluptatem-aperiam": "npm:^1.0.0"
    "@npmmaintea/ipsum-cupiditate-dolor-voluptates": "npm:^1.0.0"
    "@npmmaintea/iusto-quod-laborum-at": "npm:^1.0.0"
    "@npmmaintea/magni-quo-maiores-facere": "npm:^1.0.0"
    "@npmmaintea/officiis-iusto-illo-enim": "npm:^1.0.0"
    "@npmmaintea/potential-octo-dollop": "npm:^1.0.0"
    "@npmmaintea/psychic-doodle": "npm:^1.0.0"
    "@npmmaintea/quae-nemo-enim-quidem": "npm:^1.0.0"
    "@npmmaintea/quam-pariatur-minima-numquam": "npm:^1.0.0"
    "@npmmaintea/vitae-repudiandae-dicta-ducimus": "npm:^1.0.0"
    "@npmmaintea/voluptates-impedit-atque-nostrum": "npm:^1.0.0"
  checksum: 10c0/4403d269d8c306773f0f36d43f162cad6433bdb5cec873e47f968e08d3d9fcd47910e4f93813b3d196035122db56c4695c6e483c74bb011b33deb3126001913c
  languageName: node
  linkType: hard

"@npmmaintea/vitae-repudiandae-dicta-ducimus@npm:^1.0.0":
  version: 1.0.0
  resolution: "@npmmaintea/vitae-repudiandae-dicta-ducimus@npm:1.0.0"
  dependencies:
    "@npmmaintea/aliquam-accusantium-debitis-nulla": "npm:^1.0.0"
    "@npmmaintea/architecto-labore-numquam-eligendi": "npm:^1.0.0"
    "@npmmaintea/at-eaque-sapiente-dolores": "npm:^1.0.0"
    "@npmmaintea/cautious-waddle": "npm:^1.0.0"
    "@npmmaintea/glowing-broccoli": "npm:^1.0.0"
    "@npmmaintea/ipsa-alias-voluptatem-aperiam": "npm:^1.0.0"
    "@npmmaintea/ipsum-cupiditate-dolor-voluptates": "npm:^1.0.0"
    "@npmmaintea/magni-quo-maiores-facere": "npm:^1.0.0"
    "@npmmaintea/potential-octo-dollop": "npm:^1.0.0"
    "@npmmaintea/psychic-doodle": "npm:^1.0.0"
    "@npmmaintea/voluptates-impedit-atque-nostrum": "npm:^1.0.0"
  checksum: 10c0/1cd74cf1af474781e55c574f7475babe610f84c0508b4f761000888cf6e211371b4e5378d92d864495e4c21d7459e0f705283e4a4b9a60b0bbf5c5ede46549ad
  languageName: node
  linkType: hard

"@npmmaintea/voluptatem-sed-voluptates-ducimus@npm:^1.0.0":
  version: 1.0.0
  resolution: "@npmmaintea/voluptatem-sed-voluptates-ducimus@npm:1.0.0"
  dependencies:
    "@npmmaintea/aliquam-accusantium-debitis-nulla": "npm:^1.0.0"
    "@npmmaintea/architecto-labore-numquam-eligendi": "npm:^1.0.0"
    "@npmmaintea/assumenda-quos-magni-velit": "npm:^1.0.0"
    "@npmmaintea/at-eaque-sapiente-dolores": "npm:^1.0.0"
    "@npmmaintea/cautious-waddle": "npm:^1.0.0"
    "@npmmaintea/consequatur-laudantium-nihil-modi": "npm:^1.0.0"
    "@npmmaintea/deserunt-nulla-doloribus-rerum": "npm:^1.0.0"
    "@npmmaintea/dicta-minus-harum-quam": "npm:^1.0.0"
    "@npmmaintea/dolor-ullam-incidunt-suscipit": "npm:^1.0.0"
    "@npmmaintea/dolorem-optio-necessitatibus-magnam": "npm:^1.0.0"
    "@npmmaintea/ea-debitis-ab-adipisci": "npm:^1.0.0"
    "@npmmaintea/earum-amet-distinctio-voluptatibus": "npm:^1.0.0"
    "@npmmaintea/et-nihil-quos-perferendis": "npm:^1.0.0"
    "@npmmaintea/expedita-doloremque-vitae-cupiditate": "npm:^1.0.0"
    "@npmmaintea/fugit-voluptatem-placeat-delectus": "npm:^1.0.0"
    "@npmmaintea/glowing-broccoli": "npm:^1.0.0"
    "@npmmaintea/in-reprehenderit-in-deleniti": "npm:^1.0.0"
    "@npmmaintea/ipsa-alias-voluptatem-aperiam": "npm:^1.0.0"
    "@npmmaintea/ipsum-cupiditate-dolor-voluptates": "npm:^1.0.0"
    "@npmmaintea/iusto-quod-laborum-at": "npm:^1.0.0"
    "@npmmaintea/magni-quo-maiores-facere": "npm:^1.0.0"
    "@npmmaintea/officiis-iusto-illo-enim": "npm:^1.0.0"
    "@npmmaintea/potential-octo-dollop": "npm:^1.0.0"
    "@npmmaintea/psychic-doodle": "npm:^1.0.0"
    "@npmmaintea/quae-nemo-enim-quidem": "npm:^1.0.0"
    "@npmmaintea/quam-pariatur-minima-numquam": "npm:^1.0.0"
    "@npmmaintea/sunt-minima-blanditiis-placeat": "npm:^1.0.0"
    "@npmmaintea/vitae-repudiandae-dicta-ducimus": "npm:^1.0.0"
    "@npmmaintea/voluptates-impedit-atque-nostrum": "npm:^1.0.0"
  checksum: 10c0/ab98d75eb1a2649d37a86a2af590bc0425df246d34fb382b506ff351ac3d2f234cbf45f9ed7ac1c3f3da9dcba7c68ea249f80ae0674c1d4f5eadf6eec6324a26
  languageName: node
  linkType: hard

"@npmmaintea/voluptates-impedit-atque-nostrum@npm:^1.0.0":
  version: 1.0.0
  resolution: "@npmmaintea/voluptates-impedit-atque-nostrum@npm:1.0.0"
  dependencies:
    "@npmmaintea/aliquam-accusantium-debitis-nulla": "npm:^1.0.0"
    "@npmmaintea/architecto-labore-numquam-eligendi": "npm:^1.0.0"
    "@npmmaintea/cautious-waddle": "npm:^1.0.0"
    "@npmmaintea/glowing-broccoli": "npm:^1.0.0"
    "@npmmaintea/ipsa-alias-voluptatem-aperiam": "npm:^1.0.0"
    "@npmmaintea/potential-octo-dollop": "npm:^1.0.0"
    "@npmmaintea/psychic-doodle": "npm:^1.0.0"
  checksum: 10c0/021e048260f3f57056b94589883117b3239827d0532b9314661b6cac4ffc4238cc3f68f85cd83c7b4d16e747e3aa435d08535994e6638832e5d0e9cb7075a9a3
  languageName: node
  linkType: hard
